Microsoft Visual Studio Solution File, Format Version 12.00
# Visual Studio Version 17
VisualStudioVersion = 17.0.12345.12345
MinimumVisualStudioVersion = 10.0.40219.1
Project("{GUID-1}") = "Domain", "src/Domain/Domain.csproj", "{GUID-2}"
EndProject
Project("{GUID-3}") = "Infrastructure", "src/Infrastructure/Infrastructure.csproj", "{GUID-4}"
EndProject
Project("{GUID-5}") = "Api", "src/Api/Api.csproj", "{GUID-6}"
EndProject
Project("{GUID-7}") = "Client", "src/Client/Client.csproj", "{GUID-8}"
EndProject
Global
    GlobalSection(SolutionConfigurationPlatforms) = preSolution
        Debug|Any CPU = Debug|Any CPU
        Release|Any CPU = Release|Any CPU
    EndGlobalSection
EndGlobal
